{
  "name": "@noding.ionic/core",
  "version": "0.0.3",
  "lockfileVersion": 2,
  "requires": true,
  "packages": {
    "": {
      "name": "@noding.ionic/core",
      "version": "0.0.3",
      "peerDependencies": {
        "@angular/common": "^13.0.2",
        "@angular/core": "^13.0.2",
        "@ionic-native/device": "^5.36.0",
        "@ionic-native/file": "^5.36.0",
        "@ionic-native/file-opener": "^5.36.0",
        "autolinker": "^3.14.3",
        "color": "^4.0.1",
        "file-saver": "^2.0.5",
        "moment": "^2.29.1",
        "ng2-pdf-viewer": "^7.0.2",
        "ngx-color-picker": "^11.0.0",
        "sweetalert2": "^11.1.10",
        "tslib": "^2.2.0",
        "xlsx": "^0.17.4"
      }
    },
    "node_modules/@angular/common": {
      "version": "13.0.2",
      "resolved": "https://registry.npmjs.org/@angular/common/-/common-13.0.2.tgz",
      "integrity": "sha512-UxWzNAU/o9pP02AYB5MrnIlShirfO631NolmvP0jTSEmym1nAeDOwZIYlkgfcJMHFXFc7DBnE2XOGaTZ8if3kw==",
      "peer": true,
      "dependencies": {
        "tslib": "^2.3.0"
      },
      "engines": {
        "node": "^12.20.0 || ^14.15.0 || >=16.10.0"
      },
      "peerDependencies": {
        "@angular/core": "13.0.2",
        "rxjs": "^6.5.3 || ^7.4.0"
      }
    },
    "node_modules/@angular/core": {
      "version": "13.0.2",
      "resolved": "https://registry.npmjs.org/@angular/core/-/core-13.0.2.tgz",
      "integrity": "sha512-6Jbct50lncMqzwLILzfmwQRK8eOEMv0quCL3pQptEpYPSlPqKz6QRxD76BykSUOs7XYJ/KdZmu3uGcT2Q/DUVg==",
      "peer": true,
      "dependencies": {
        "tslib": "^2.3.0"
      },
      "engines": {
        "node": "^12.20.0 || ^14.15.0 || >=16.10.0"
      },
      "peerDependencies": {
        "rxjs": "^6.5.3 || ^7.4.0",
        "zone.js": "~0.11.4"
      }
    },
    "node_modules/@angular/forms": {
      "version": "13.0.2",
      "resolved": "https://registry.npmjs.org/@angular/forms/-/forms-13.0.2.tgz",
      "integrity": "sha512-JGgEOTH/OYr7/RlqJUPSzKQF/a55UM5PD6CgpUjAXKrCV18+zhofO05g+ibIZH3OfONntthcbKEXxMTX2EEQqg==",
      "peer": true,
      "dependencies": {
        "tslib": "^2.3.0"
      },
      "engines": {
        "node": "^12.20.0 || ^14.15.0 || >=16.10.0"
      },
      "peerDependencies": {
        "@angular/common": "13.0.2",
        "@angular/core": "13.0.2",
        "@angular/platform-browser": "13.0.2",
        "rxjs": "^6.5.3 || ^7.4.0"
      }
    },
    "node_modules/@angular/platform-browser": {
      "version": "13.0.2",
      "resolved": "https://registry.npmjs.org/@angular/platform-browser/-/platform-browser-13.0.2.tgz",
      "integrity": "sha512-fkLGr9Vj2cvFzXefyhNaqwXX90+WbpYj5cCii7S1HcbJ9qSM5ZenLp1t8mGRhmWI7odY4BrFskWOChlWFrLEkA==",
      "peer": true,
      "dependencies": {
        "tslib": "^2.3.0"
      },
      "engines": {
        "node": "^12.20.0 || ^14.15.0 || >=16.10.0"
      },
      "peerDependencies": {
        "@angular/animations": "13.0.2",
        "@angular/common": "13.0.2",
        "@angular/core": "13.0.2"
      },
      "peerDependenciesMeta": {
        "@angular/animations": {
          "optional": true
        }
      }
    },
    "node_modules/@ionic-native/core": {
      "version": "5.36.0",
      "resolved": "https://registry.npmjs.org/@ionic-native/core/-/core-5.36.0.tgz",
      "integrity": "sha512-lOrkktadlKYbYf1LrDyAtsu1JnQ0oCCdkOU7iHQ8oXnNOkMwobFfD2m62F1CoOr0u9LIkpYnZSPjng8lZbmbNw==",
      "peer": true,
      "dependencies": {
        "@types/cordova": "latest"
      },
      "peerDependencies": {
        "rxjs": "^5.5.0 || ^6.5.0"
      }
    },
    "node_modules/@ionic-native/device": {
      "version": "5.36.0",
      "resolved": "https://registry.npmjs.org/@ionic-native/device/-/device-5.36.0.tgz",
      "integrity": "sha512-0NYStYtwfgBEkiu2GXi4V03VIm4GKpHW8wLQCD8oqFv415JxWYBQ0IC+9zbe4tgSs4dCjppmxB2J0IzjSE7a/g==",
      "peer": true,
      "dependencies": {
        "@types/cordova": "latest"
      },
      "peerDependencies": {
        "@ionic-native/core": "^5.1.0",
        "rxjs": "^5.5.0 || ^6.5.0"
      }
    },
    "node_modules/@ionic-native/file": {
      "version": "5.36.0",
      "resolved": "https://registry.npmjs.org/@ionic-native/file/-/file-5.36.0.tgz",
      "integrity": "sha512-x7yZ4VdC8n8FNlpRmUFtohNlOZnExvoxZ/6oCvGsV+ec8TJXUsDK/BYi1g+lkPTCUY3EmQIeBOe4PLO6fRJ7qg==",
      "peer": true,
      "dependencies": {
        "@types/cordova": "latest"
      },
      "peerDependencies": {
        "@ionic-native/core": "^5.1.0",
        "rxjs": "^5.5.0 || ^6.5.0"
      }
    },
    "node_modules/@ionic-native/file-opener": {
      "version": "5.36.0",
      "resolved": "https://registry.npmjs.org/@ionic-native/file-opener/-/file-opener-5.36.0.tgz",
      "integrity": "sha512-UKp3pbqvQXsAtLMJ5JE+KcTMxpjSZMFebf6nvy/KJvwy85JGIaCV4ZVM/H9CFUrHJMWBH6wDbY+WPygnsrl4Yg==",
      "peer": true,
      "dependencies": {
        "@types/cordova": "latest"
      },
      "peerDependencies": {
        "@ionic-native/core": "^5.1.0",
        "rxjs": "^5.5.0 || ^6.5.0"
      }
    },
    "node_modules/@types/cordova": {
      "version": "0.0.34",
      "resolved": "https://registry.npmjs.org/@types/cordova/-/cordova-0.0.34.tgz",
      "integrity": "sha1-6nrd907Ow9dimCegw54smt3HPQQ=",
      "peer": true
    },
    "node_modules/adler-32": {
      "version": "1.2.0",
      "resolved": "https://registry.npmjs.org/adler-32/-/adler-32-1.2.0.tgz",
      "integrity": "sha1-aj5r8KY5ALoVZSgIyxXGgT0aXyU=",
      "peer": true,
      "dependencies": {
        "exit-on-epipe": "~1.0.1",
        "printj": "~1.1.0"
      },
      "bin": {
        "adler32": "bin/adler32.njs"
      },
      "engines": {
        "node": ">=0.8"
      }
    },
    "node_modules/autolinker": {
      "version": "3.14.3",
      "resolved": "https://registry.npmjs.org/autolinker/-/autolinker-3.14.3.tgz",
      "integrity": "sha512-t81i2bCpS+s+5FIhatoww9DmpjhbdiimuU9ATEuLxtZMQ7jLv9fyFn7SWNG8IkEfD4AmYyirL1ss9k1aqVWRvg==",
      "peer": true,
      "dependencies": {
        "tslib": "^1.9.3"
      }
    },
    "node_modules/autolinker/node_modules/tslib": {
      "version": "1.14.1",
      "resolved": "https://registry.npmjs.org/tslib/-/tslib-1.14.1.tgz",
      "integrity": "sha512-Xni35NKzjgMrwevysHTCArtLDpPvye8zV/0E4EyYn43P7/7qvQwPh9BGkHewbMulVntbigmcT7rdX3BNo9wRJg==",
      "peer": true
    },
    "node_modules/cfb": {
      "version": "1.2.1",
      "resolved": "https://registry.npmjs.org/cfb/-/cfb-1.2.1.tgz",
      "integrity": "sha512-wT2ScPAFGSVy7CY+aauMezZBnNrfnaLSrxHUHdea+Td/86vrk6ZquggV+ssBR88zNs0OnBkL2+lf9q0K+zVGzQ==",
      "peer": true,
      "dependencies": {
        "adler-32": "~1.3.0",
        "crc-32": "~1.2.0",
        "printj": "~1.3.0"
      },
      "engines": {
        "node": ">=0.8"
      }
    },
    "node_modules/cfb/node_modules/adler-32": {
      "version": "1.3.0",
      "resolved": "https://registry.npmjs.org/adler-32/-/adler-32-1.3.0.tgz",
      "integrity": "sha512-f5nltvjl+PRUh6YNfUstRaXwJxtfnKEWhAWWlmKvh+Y3J2+98a0KKVYDEhz6NdKGqswLhjNGznxfSsZGOvOd9g==",
      "peer": true,
      "dependencies": {
        "printj": "~1.2.2"
      },
      "engines": {
        "node": ">=0.8"
      }
    },
    "node_modules/cfb/node_modules/adler-32/node_modules/printj": {
      "version": "1.2.3",
      "resolved": "https://registry.npmjs.org/printj/-/printj-1.2.3.tgz",
      "integrity": "sha512-sanczS6xOJOg7IKDvi4sGOUOe7c1tsEzjwlLFH/zgwx/uyImVM9/rgBkc8AfiQa/Vg54nRd8mkm9yI7WV/O+WA==",
      "peer": true,
      "bin": {
        "printj": "bin/printj.njs"
      },
      "engines": {
        "node": ">=0.8"
      }
    },
    "node_modules/cfb/node_modules/printj": {
      "version": "1.3.0",
      "resolved": "https://registry.npmjs.org/printj/-/printj-1.3.0.tgz",
      "integrity": "sha512-017o8YIaz8gLhaNxRB9eBv2mWXI2CtzhPJALnQTP+OPpuUfP0RMWqr/mHCzqVeu1AQxfzSfAtAq66vKB8y7Lzg==",
      "peer": true,
      "bin": {
        "printj": "bin/printj.njs"
      },
      "engines": {
        "node": ">=0.8"
      }
    },
    "node_modules/codepage": {
      "version": "1.15.0",
      "resolved": "https://registry.npmjs.org/codepage/-/codepage-1.15.0.tgz",
      "integrity": "sha512-3g6NUTPd/YtuuGrhMnOMRjFc+LJw/bnMp3+0r/Wcz3IXUuCosKRJvMphm5+Q+bvTVGcJJuRvVLuYba+WojaFaA==",
      "peer": true,
      "engines": {
        "node": ">=0.8"
      }
    },
    "node_modules/color": {
      "version": "4.0.1",
      "resolved": "https://registry.npmjs.org/color/-/color-4.0.1.tgz",
      "integrity": "sha512-rpZjOKN5O7naJxkH2Rx1sZzzBgaiWECc6BYXjeCE6kF0kcASJYbUq02u7JqIHwCb/j3NhV+QhRL2683aICeGZA==",
      "peer": true,
      "dependencies": {
        "color-convert": "^2.0.1",
        "color-string": "^1.6.0"
      }
    },
    "node_modules/color-convert": {
      "version": "2.0.1",
      "resolved": "https://registry.npmjs.org/color-convert/-/color-convert-2.0.1.tgz",
      "integrity": "sha512-RRECPsj7iu/xb5oKYcsFHSppFNnsj/52OVTRKb4zP5onXwVF3zVmmToNcOfGC+CRDpfK/U584fMg38ZHCaElKQ==",
      "peer": true,
      "dependencies": {
        "color-name": "~1.1.4"
      },
      "engines": {
        "node": ">=7.0.0"
      }
    },
    "node_modules/color-name": {
      "version": "1.1.4",
      "resolved": "https://registry.npmjs.org/color-name/-/color-name-1.1.4.tgz",
      "integrity": "sha512-dOy+3AuW3a2wNbZHIuMZpTcgjGuLU/uBL/ubcZF9OXbDo8ff4O8yVp5Bf0efS8uEoYo5q4Fx7dY9OgQGXgAsQA==",
      "peer": true
    },
    "node_modules/color-string": {
      "version": "1.6.0",
      "resolved": "https://registry.npmjs.org/color-string/-/color-string-1.6.0.tgz",
      "integrity": "sha512-c/hGS+kRWJutUBEngKKmk4iH3sD59MBkoxVapS/0wgpCz2u7XsNloxknyvBhzwEs1IbV36D9PwqLPJ2DTu3vMA==",
      "peer": true,
      "dependencies": {
        "color-name": "^1.0.0",
        "simple-swizzle": "^0.2.2"
      }
    },
    "node_modules/crc-32": {
      "version": "1.2.0",
      "resolved": "https://registry.npmjs.org/crc-32/-/crc-32-1.2.0.tgz",
      "integrity": "sha512-1uBwHxF+Y/4yF5G48fwnKq6QsIXheor3ZLPT80yGBV1oEUwpPojlEhQbWKVw1VwcTQyMGHK1/XMmTjmlsmTTGA==",
      "peer": true,
      "dependencies": {
        "exit-on-epipe": "~1.0.1",
        "printj": "~1.1.0"
      },
      "bin": {
        "crc32": "bin/crc32.njs"
      },
      "engines": {
        "node": ">=0.8"
      }
    },
    "node_modules/exit-on-epipe": {
      "version": "1.0.1",
      "resolved": "https://registry.npmjs.org/exit-on-epipe/-/exit-on-epipe-1.0.1.tgz",
      "integrity": "sha512-h2z5mrROTxce56S+pnvAV890uu7ls7f1kEvVGJbw1OlFH3/mlJ5bkXu0KRyW94v37zzHPiUd55iLn3DA7TjWpw==",
      "peer": true,
      "engines": {
        "node": ">=0.8"
      }
    },
    "node_modules/file-saver": {
      "version": "2.0.5",
      "resolved": "https://registry.npmjs.org/file-saver/-/file-saver-2.0.5.tgz",
      "integrity": "sha512-P9bmyZ3h/PRG+Nzga+rbdI4OEpNDzAVyy74uVO9ATgzLK6VtAsYybF/+TOCvrc0MO793d6+42lLyZTw7/ArVzA==",
      "peer": true
    },
    "node_modules/frac": {
      "version": "1.1.2",
      "resolved": "https://registry.npmjs.org/frac/-/frac-1.1.2.tgz",
      "integrity": "sha512-w/XBfkibaTl3YDqASwfDUqkna4Z2p9cFSr1aHDt0WoMTECnRfBOv2WArlZILlqgWlmdIlALXGpM2AOhEk5W3IA==",
      "peer": true,
      "engines": {
        "node": ">=0.8"
      }
    },
    "node_modules/is-arrayish": {
      "version": "0.3.2",
      "resolved": "https://registry.npmjs.org/is-arrayish/-/is-arrayish-0.3.2.tgz",
      "integrity": "sha512-eVRqCvVlZbuw3GrM63ovNSNAeA1K16kaR/LRY/92w0zxQ5/1YzwblUX652i4Xs9RwAGjW9d9y6X88t8OaAJfWQ==",
      "peer": true
    },
    "node_modules/moment": {
      "version": "2.29.1",
      "resolved": "https://registry.npmjs.org/moment/-/moment-2.29.1.tgz",
      "integrity": "sha512-kHmoybcPV8Sqy59DwNDY3Jefr64lK/by/da0ViFcuA4DH0vQg5Q6Ze5VimxkfQNSC+Mls/Kx53s7TjP1RhFEDQ==",
      "peer": true,
      "engines": {
        "node": "*"
      }
    },
    "node_modules/ng2-pdf-viewer": {
      "version": "7.0.2",
      "resolved": "https://registry.npmjs.org/ng2-pdf-viewer/-/ng2-pdf-viewer-7.0.2.tgz",
      "integrity": "sha512-yAd8OddmPCnkERv3IWFyZ1GxkMx+n2fc8NQQtWCjQbhr1sKjrP0TQH41AmgudSzTtvWJw9z784V+TKIaWA0eKw==",
      "peer": true,
      "dependencies": {
        "pdfjs-dist": "~2.11.338",
        "tslib": "^2.0.0"
      },
      "peerDependencies": {
        "pdfjs-dist": "~2.11.338"
      }
    },
    "node_modules/ngx-color-picker": {
      "version": "11.0.0",
      "resolved": "https://registry.npmjs.org/ngx-color-picker/-/ngx-color-picker-11.0.0.tgz",
      "integrity": "sha512-HyiFNPYLrCyYbFpLvZJaHC43RhjfDdFDij4pnvk9R46iH1scVtO6f2ibBgxRwBKKsT94KYvOH8wF8OrvztWdEw==",
      "peer": true,
      "dependencies": {
        "tslib": "^2.0.0"
      },
      "peerDependencies": {
        "@angular/common": ">=9.0.0",
        "@angular/core": ">=9.0.0",
        "@angular/forms": ">=9.0.0"
      }
    },
    "node_modules/pdfjs-dist": {
      "version": "2.11.338",
      "resolved": "https://registry.npmjs.org/pdfjs-dist/-/pdfjs-dist-2.11.338.tgz",
      "integrity": "sha512-Ti5VTB0VvSdtTtc7TG71ghMx0SEuNcEs4ghVuZxW0p6OqLjMc0xekZV1B+MmlxEG2Du2e5jgazucWIG/SXTcdA==",
      "peer": true,
      "peerDependencies": {
        "worker-loader": "^3.0.8"
      },
      "peerDependenciesMeta": {
        "worker-loader": {
          "optional": true
        }
      }
    },
    "node_modules/printj": {
      "version": "1.1.2",
      "resolved": "https://registry.npmjs.org/printj/-/printj-1.1.2.tgz",
      "integrity": "sha512-zA2SmoLaxZyArQTOPj5LXecR+RagfPSU5Kw1qP+jkWeNlrq+eJZyY2oS68SU1Z/7/myXM4lo9716laOFAVStCQ==",
      "peer": true,
      "bin": {
        "printj": "bin/printj.njs"
      },
      "engines": {
        "node": ">=0.8"
      }
    },
    "node_modules/rxjs": {
      "version": "6.6.7",
      "resolved": "https://registry.npmjs.org/rxjs/-/rxjs-6.6.7.tgz",
      "integrity": "sha512-hTdwr+7yYNIT5n4AMYp85KA6yw2Va0FLa3Rguvbpa4W3I5xynaBZo41cM3XM+4Q6fRMj3sBYIR1VAmZMXYJvRQ==",
      "peer": true,
      "dependencies": {
        "tslib": "^1.9.0"
      },
      "engines": {
        "npm": ">=2.0.0"
      }
    },
    "node_modules/rxjs/node_modules/tslib": {
      "version": "1.14.1",
      "resolved": "https://registry.npmjs.org/tslib/-/tslib-1.14.1.tgz",
      "integrity": "sha512-Xni35NKzjgMrwevysHTCArtLDpPvye8zV/0E4EyYn43P7/7qvQwPh9BGkHewbMulVntbigmcT7rdX3BNo9wRJg==",
      "peer": true
    },
    "node_modules/simple-swizzle": {
      "version": "0.2.2",
      "resolved": "https://registry.npmjs.org/simple-swizzle/-/simple-swizzle-0.2.2.tgz",
      "integrity": "sha1-pNprY1/8zMoz9w0Xy5JZLeleVXo=",
      "peer": true,
      "dependencies": {
        "is-arrayish": "^0.3.1"
      }
    },
    "node_modules/ssf": {
      "version": "0.11.2",
      "resolved": "https://registry.npmjs.org/ssf/-/ssf-0.11.2.tgz",
      "integrity": "sha512-+idbmIXoYET47hH+d7dfm2epdOMUDjqcB4648sTZ+t2JwoyBFL/insLfB/racrDmsKB3diwsDA696pZMieAC5g==",
      "peer": true,
      "dependencies": {
        "frac": "~1.1.2"
      },
      "engines": {
        "node": ">=0.8"
      }
    },
    "node_modules/sweetalert2": {
      "version": "11.1.10",
      "resolved": "https://registry.npmjs.org/sweetalert2/-/sweetalert2-11.1.10.tgz",
      "integrity": "sha512-Zy/Pdsvf6gJoaqnBaLXYrjElJ85ipe9D5FfcSKxJ0b1PPnTS3B5eC3rFB2pPbo9m1p+LVLBZVvE35JPL2vG6xA==",
      "peer": true,
      "funding": {
        "url": "https://sweetalert2.github.io/#donations"
      }
    },
    "node_modules/tslib": {
      "version": "2.3.1",
      "resolved": "https://registry.npmjs.org/tslib/-/tslib-2.3.1.tgz",
      "integrity": "sha512-77EbyPPpMz+FRFRuAFlWMtmgUWGe9UOG2Z25NqCwiIjRhOf5iKGuzSe5P2w1laq+FkRy4p+PCuVkJSGkzTEKVw==",
      "peer": true
    },
    "node_modules/wmf": {
      "version": "1.0.2",
      "resolved": "https://registry.npmjs.org/wmf/-/wmf-1.0.2.tgz",
      "integrity": "sha512-/p9K7bEh0Dj6WbXg4JG0xvLQmIadrner1bi45VMJTfnbVHsc7yIajZyoSoK60/dtVBs12Fm6WkUI5/3WAVsNMw==",
      "peer": true,
      "engines": {
        "node": ">=0.8"
      }
    },
    "node_modules/word": {
      "version": "0.3.0",
      "resolved": "https://registry.npmjs.org/word/-/word-0.3.0.tgz",
      "integrity": "sha512-OELeY0Q61OXpdUfTp+oweA/vtLVg5VDOXh+3he3PNzLGG/y0oylSOC1xRVj0+l4vQ3tj/bB1HVHv1ocXkQceFA==",
      "peer": true,
      "engines": {
        "node": ">=0.8"
      }
    },
    "node_modules/xlsx": {
      "version": "0.17.4",
      "resolved": "https://registry.npmjs.org/xlsx/-/xlsx-0.17.4.tgz",
      "integrity": "sha512-9aKt8g9ZLP0CUdBX8L5xnoMDFwSiLI997eQnDThCaqQMYB9AEBIRzblSSNN/ICMGLYIHUO3VKaItcedZJ3ijIg==",
      "peer": true,
      "dependencies": {
        "adler-32": "~1.2.0",
        "cfb": "^1.1.4",
        "codepage": "~1.15.0",
        "crc-32": "~1.2.0",
        "ssf": "~0.11.2",
        "wmf": "~1.0.1",
        "word": "~0.3.0"
      },
      "bin": {
        "xlsx": "bin/xlsx.njs"
      },
      "engines": {
        "node": ">=0.8"
      }
    },
    "node_modules/zone.js": {
      "version": "0.11.4",
      "resolved": "https://registry.npmjs.org/zone.js/-/zone.js-0.11.4.tgz",
      "integrity": "sha512-DDh2Ab+A/B+9mJyajPjHFPWfYU1H+pdun4wnnk0OcQTNjem1XQSZ2CDW+rfZEUDjv5M19SBqAkjZi0x5wuB5Qw==",
      "peer": true,
      "dependencies": {
        "tslib": "^2.0.0"
      }
    }
  },
  "dependencies": {
    "@angular/common": {
      "version": "13.0.2",
      "resolved": "https://registry.npmjs.org/@angular/common/-/common-13.0.2.tgz",
      "integrity": "sha512-UxWzNAU/o9pP02AYB5MrnIlShirfO631NolmvP0jTSEmym1nAeDOwZIYlkgfcJMHFXFc7DBnE2XOGaTZ8if3kw==",
      "peer": true,
      "requires": {
        "tslib": "^2.3.0"
      }
    },
    "@angular/core": {
      "version": "13.0.2",
      "resolved": "https://registry.npmjs.org/@angular/core/-/core-13.0.2.tgz",
      "integrity": "sha512-6Jbct50lncMqzwLILzfmwQRK8eOEMv0quCL3pQptEpYPSlPqKz6QRxD76BykSUOs7XYJ/KdZmu3uGcT2Q/DUVg==",
      "peer": true,
      "requires": {
        "tslib": "^2.3.0"
      }
    },
    "@angular/forms": {
      "version": "13.0.2",
      "resolved": "https://registry.npmjs.org/@angular/forms/-/forms-13.0.2.tgz",
      "integrity": "sha512-JGgEOTH/OYr7/RlqJUPSzKQF/a55UM5PD6CgpUjAXKrCV18+zhofO05g+ibIZH3OfONntthcbKEXxMTX2EEQqg==",
      "peer": true,
      "requires": {
        "tslib": "^2.3.0"
      }
    },
    "@angular/platform-browser": {
      "version": "13.0.2",
      "resolved": "https://registry.npmjs.org/@angular/platform-browser/-/platform-browser-13.0.2.tgz",
      "integrity": "sha512-fkLGr9Vj2cvFzXefyhNaqwXX90+WbpYj5cCii7S1HcbJ9qSM5ZenLp1t8mGRhmWI7odY4BrFskWOChlWFrLEkA==",
      "peer": true,
      "requires": {
        "tslib": "^2.3.0"
      }
    },
    "@ionic-native/core": {
      "version": "5.36.0",
      "resolved": "https://registry.npmjs.org/@ionic-native/core/-/core-5.36.0.tgz",
      "integrity": "sha512-lOrkktadlKYbYf1LrDyAtsu1JnQ0oCCdkOU7iHQ8oXnNOkMwobFfD2m62F1CoOr0u9LIkpYnZSPjng8lZbmbNw==",
      "peer": true,
      "requires": {
        "@types/cordova": "latest"
      }
    },
    "@ionic-native/device": {
      "version": "5.36.0",
      "resolved": "https://registry.npmjs.org/@ionic-native/device/-/device-5.36.0.tgz",
      "integrity": "sha512-0NYStYtwfgBEkiu2GXi4V03VIm4GKpHW8wLQCD8oqFv415JxWYBQ0IC+9zbe4tgSs4dCjppmxB2J0IzjSE7a/g==",
      "peer": true,
      "requires": {
        "@types/cordova": "latest"
      }
    },
    "@ionic-native/file": {
      "version": "5.36.0",
      "resolved": "https://registry.npmjs.org/@ionic-native/file/-/file-5.36.0.tgz",
      "integrity": "sha512-x7yZ4VdC8n8FNlpRmUFtohNlOZnExvoxZ/6oCvGsV+ec8TJXUsDK/BYi1g+lkPTCUY3EmQIeBOe4PLO6fRJ7qg==",
      "peer": true,
      "requires": {
        "@types/cordova": "latest"
      }
    },
    "@ionic-native/file-opener": {
      "version": "5.36.0",
      "resolved": "https://registry.npmjs.org/@ionic-native/file-opener/-/file-opener-5.36.0.tgz",
      "integrity": "sha512-UKp3pbqvQXsAtLMJ5JE+KcTMxpjSZMFebf6nvy/KJvwy85JGIaCV4ZVM/H9CFUrHJMWBH6wDbY+WPygnsrl4Yg==",
      "peer": true,
      "requires": {
        "@types/cordova": "latest"
      }
    },
    "@types/cordova": {
      "version": "0.0.34",
      "resolved": "https://registry.npmjs.org/@types/cordova/-/cordova-0.0.34.tgz",
      "integrity": "sha1-6nrd907Ow9dimCegw54smt3HPQQ=",
      "peer": true
    },
    "adler-32": {
      "version": "1.2.0",
      "resolved": "https://registry.npmjs.org/adler-32/-/adler-32-1.2.0.tgz",
      "integrity": "sha1-aj5r8KY5ALoVZSgIyxXGgT0aXyU=",
      "peer": true,
      "requires": {
        "exit-on-epipe": "~1.0.1",
        "printj": "~1.1.0"
      }
    },
    "autolinker": {
      "version": "3.14.3",
      "resolved": "https://registry.npmjs.org/autolinker/-/autolinker-3.14.3.tgz",
      "integrity": "sha512-t81i2bCpS+s+5FIhatoww9DmpjhbdiimuU9ATEuLxtZMQ7jLv9fyFn7SWNG8IkEfD4AmYyirL1ss9k1aqVWRvg==",
      "peer": true,
      "requires": {
        "tslib": "^1.9.3"
      },
      "dependencies": {
        "tslib": {
          "version": "1.14.1",
          "resolved": "https://registry.npmjs.org/tslib/-/tslib-1.14.1.tgz",
          "integrity": "sha512-Xni35NKzjgMrwevysHTCArtLDpPvye8zV/0E4EyYn43P7/7qvQwPh9BGkHewbMulVntbigmcT7rdX3BNo9wRJg==",
          "peer": true
        }
      }
    },
    "cfb": {
      "version": "1.2.1",
      "resolved": "https://registry.npmjs.org/cfb/-/cfb-1.2.1.tgz",
      "integrity": "sha512-wT2ScPAFGSVy7CY+aauMezZBnNrfnaLSrxHUHdea+Td/86vrk6ZquggV+ssBR88zNs0OnBkL2+lf9q0K+zVGzQ==",
      "peer": true,
      "requires": {
        "adler-32": "~1.3.0",
        "crc-32": "~1.2.0",
        "printj": "~1.3.0"
      },
      "dependencies": {
        "adler-32": {
          "version": "1.3.0",
          "resolved": "https://registry.npmjs.org/adler-32/-/adler-32-1.3.0.tgz",
          "integrity": "sha512-f5nltvjl+PRUh6YNfUstRaXwJxtfnKEWhAWWlmKvh+Y3J2+98a0KKVYDEhz6NdKGqswLhjNGznxfSsZGOvOd9g==",
          "peer": true,
          "requires": {
            "printj": "~1.2.2"
          },
          "dependencies": {
            "printj": {
              "version": "1.2.3",
              "resolved": "https://registry.npmjs.org/printj/-/printj-1.2.3.tgz",
              "integrity": "sha512-sanczS6xOJOg7IKDvi4sGOUOe7c1tsEzjwlLFH/zgwx/uyImVM9/rgBkc8AfiQa/Vg54nRd8mkm9yI7WV/O+WA==",
              "peer": true
            }
          }
        },
        "printj": {
          "version": "1.3.0",
          "resolved": "https://registry.npmjs.org/printj/-/printj-1.3.0.tgz",
          "integrity": "sha512-017o8YIaz8gLhaNxRB9eBv2mWXI2CtzhPJALnQTP+OPpuUfP0RMWqr/mHCzqVeu1AQxfzSfAtAq66vKB8y7Lzg==",
          "peer": true
        }
      }
    },
    "codepage": {
      "version": "1.15.0",
      "resolved": "https://registry.npmjs.org/codepage/-/codepage-1.15.0.tgz",
      "integrity": "sha512-3g6NUTPd/YtuuGrhMnOMRjFc+LJw/bnMp3+0r/Wcz3IXUuCosKRJvMphm5+Q+bvTVGcJJuRvVLuYba+WojaFaA==",
      "peer": true
    },
    "color": {
      "version": "4.0.1",
      "resolved": "https://registry.npmjs.org/color/-/color-4.0.1.tgz",
      "integrity": "sha512-rpZjOKN5O7naJxkH2Rx1sZzzBgaiWECc6BYXjeCE6kF0kcASJYbUq02u7JqIHwCb/j3NhV+QhRL2683aICeGZA==",
      "peer": true,
      "requires": {
        "color-convert": "^2.0.1",
        "color-string": "^1.6.0"
      }
    },
    "color-convert": {
      "version": "2.0.1",
      "resolved": "https://registry.npmjs.org/color-convert/-/color-convert-2.0.1.tgz",
      "integrity": "sha512-RRECPsj7iu/xb5oKYcsFHSppFNnsj/52OVTRKb4zP5onXwVF3zVmmToNcOfGC+CRDpfK/U584fMg38ZHCaElKQ==",
      "peer": true,
      "requires": {
        "color-name": "~1.1.4"
      }
    },
    "color-name": {
      "version": "1.1.4",
      "resolved": "https://registry.npmjs.org/color-name/-/color-name-1.1.4.tgz",
      "integrity": "sha512-dOy+3AuW3a2wNbZHIuMZpTcgjGuLU/uBL/ubcZF9OXbDo8ff4O8yVp5Bf0efS8uEoYo5q4Fx7dY9OgQGXgAsQA==",
      "peer": true
    },
    "color-string": {
      "version": "1.6.0",
      "resolved": "https://registry.npmjs.org/color-string/-/color-string-1.6.0.tgz",
      "integrity": "sha512-c/hGS+kRWJutUBEngKKmk4iH3sD59MBkoxVapS/0wgpCz2u7XsNloxknyvBhzwEs1IbV36D9PwqLPJ2DTu3vMA==",
      "peer": true,
      "requires": {
        "color-name": "^1.0.0",
        "simple-swizzle": "^0.2.2"
      }
    },
    "crc-32": {
      "version": "1.2.0",
      "resolved": "https://registry.npmjs.org/crc-32/-/crc-32-1.2.0.tgz",
      "integrity": "sha512-1uBwHxF+Y/4yF5G48fwnKq6QsIXheor3ZLPT80yGBV1oEUwpPojlEhQbWKVw1VwcTQyMGHK1/XMmTjmlsmTTGA==",
      "peer": true,
      "requires": {
        "exit-on-epipe": "~1.0.1",
        "printj": "~1.1.0"
      }
    },
    "exit-on-epipe": {
      "version": "1.0.1",
      "resolved": "https://registry.npmjs.org/exit-on-epipe/-/exit-on-epipe-1.0.1.tgz",
      "integrity": "sha512-h2z5mrROTxce56S+pnvAV890uu7ls7f1kEvVGJbw1OlFH3/mlJ5bkXu0KRyW94v37zzHPiUd55iLn3DA7TjWpw==",
      "peer": true
    },
    "file-saver": {
      "version": "2.0.5",
      "resolved": "https://registry.npmjs.org/file-saver/-/file-saver-2.0.5.tgz",
      "integrity": "sha512-P9bmyZ3h/PRG+Nzga+rbdI4OEpNDzAVyy74uVO9ATgzLK6VtAsYybF/+TOCvrc0MO793d6+42lLyZTw7/ArVzA==",
      "peer": true
    },
    "frac": {
      "version": "1.1.2",
      "resolved": "https://registry.npmjs.org/frac/-/frac-1.1.2.tgz",
      "integrity": "sha512-w/XBfkibaTl3YDqASwfDUqkna4Z2p9cFSr1aHDt0WoMTECnRfBOv2WArlZILlqgWlmdIlALXGpM2AOhEk5W3IA==",
      "peer": true
    },
    "is-arrayish": {
      "version": "0.3.2",
      "resolved": "https://registry.npmjs.org/is-arrayish/-/is-arrayish-0.3.2.tgz",
      "integrity": "sha512-eVRqCvVlZbuw3GrM63ovNSNAeA1K16kaR/LRY/92w0zxQ5/1YzwblUX652i4Xs9RwAGjW9d9y6X88t8OaAJfWQ==",
      "peer": true
    },
    "moment": {
      "version": "2.29.1",
      "resolved": "https://registry.npmjs.org/moment/-/moment-2.29.1.tgz",
      "integrity": "sha512-kHmoybcPV8Sqy59DwNDY3Jefr64lK/by/da0ViFcuA4DH0vQg5Q6Ze5VimxkfQNSC+Mls/Kx53s7TjP1RhFEDQ==",
      "peer": true
    },
    "ng2-pdf-viewer": {
      "version": "7.0.2",
      "resolved": "https://registry.npmjs.org/ng2-pdf-viewer/-/ng2-pdf-viewer-7.0.2.tgz",
      "integrity": "sha512-yAd8OddmPCnkERv3IWFyZ1GxkMx+n2fc8NQQtWCjQbhr1sKjrP0TQH41AmgudSzTtvWJw9z784V+TKIaWA0eKw==",
      "peer": true,
      "requires": {
        "pdfjs-dist": "~2.11.338",
        "tslib": "^2.0.0"
      }
    },
    "ngx-color-picker": {
      "version": "11.0.0",
      "resolved": "https://registry.npmjs.org/ngx-color-picker/-/ngx-color-picker-11.0.0.tgz",
      "integrity": "sha512-HyiFNPYLrCyYbFpLvZJaHC43RhjfDdFDij4pnvk9R46iH1scVtO6f2ibBgxRwBKKsT94KYvOH8wF8OrvztWdEw==",
      "peer": true,
      "requires": {
        "tslib": "^2.0.0"
      }
    },
    "pdfjs-dist": {
      "version": "2.11.338",
      "resolved": "https://registry.npmjs.org/pdfjs-dist/-/pdfjs-dist-2.11.338.tgz",
      "integrity": "sha512-Ti5VTB0VvSdtTtc7TG71ghMx0SEuNcEs4ghVuZxW0p6OqLjMc0xekZV1B+MmlxEG2Du2e5jgazucWIG/SXTcdA==",
      "peer": true,
      "requires": {}
    },
    "printj": {
      "version": "1.1.2",
      "resolved": "https://registry.npmjs.org/printj/-/printj-1.1.2.tgz",
      "integrity": "sha512-zA2SmoLaxZyArQTOPj5LXecR+RagfPSU5Kw1qP+jkWeNlrq+eJZyY2oS68SU1Z/7/myXM4lo9716laOFAVStCQ==",
      "peer": true
    },
    "rxjs": {
      "version": "6.6.7",
      "resolved": "https://registry.npmjs.org/rxjs/-/rxjs-6.6.7.tgz",
      "integrity": "sha512-hTdwr+7yYNIT5n4AMYp85KA6yw2Va0FLa3Rguvbpa4W3I5xynaBZo41cM3XM+4Q6fRMj3sBYIR1VAmZMXYJvRQ==",
      "peer": true,
      "requires": {
        "tslib": "^1.9.0"
      },
      "dependencies": {
        "tslib": {
          "version": "1.14.1",
          "resolved": "https://registry.npmjs.org/tslib/-/tslib-1.14.1.tgz",
          "integrity": "sha512-Xni35NKzjgMrwevysHTCArtLDpPvye8zV/0E4EyYn43P7/7qvQwPh9BGkHewbMulVntbigmcT7rdX3BNo9wRJg==",
          "peer": true
        }
      }
    },
    "simple-swizzle": {
      "version": "0.2.2",
      "resolved": "https://registry.npmjs.org/simple-swizzle/-/simple-swizzle-0.2.2.tgz",
      "integrity": "sha1-pNprY1/8zMoz9w0Xy5JZLeleVXo=",
      "peer": true,
      "requires": {
        "is-arrayish": "^0.3.1"
      }
    },
    "ssf": {
      "version": "0.11.2",
      "resolved": "https://registry.npmjs.org/ssf/-/ssf-0.11.2.tgz",
      "integrity": "sha512-+idbmIXoYET47hH+d7dfm2epdOMUDjqcB4648sTZ+t2JwoyBFL/insLfB/racrDmsKB3diwsDA696pZMieAC5g==",
      "peer": true,
      "requires": {
        "frac": "~1.1.2"
      }
    },
    "sweetalert2": {
      "version": "11.1.10",
      "resolved": "https://registry.npmjs.org/sweetalert2/-/sweetalert2-11.1.10.tgz",
      "integrity": "sha512-Zy/Pdsvf6gJoaqnBaLXYrjElJ85ipe9D5FfcSKxJ0b1PPnTS3B5eC3rFB2pPbo9m1p+LVLBZVvE35JPL2vG6xA==",
      "peer": true
    },
    "tslib": {
      "version": "2.3.1",
      "resolved": "https://registry.npmjs.org/tslib/-/tslib-2.3.1.tgz",
      "integrity": "sha512-77EbyPPpMz+FRFRuAFlWMtmgUWGe9UOG2Z25NqCwiIjRhOf5iKGuzSe5P2w1laq+FkRy4p+PCuVkJSGkzTEKVw==",
      "peer": true
    },
    "wmf": {
      "version": "1.0.2",
      "resolved": "https://registry.npmjs.org/wmf/-/wmf-1.0.2.tgz",
      "integrity": "sha512-/p9K7bEh0Dj6WbXg4JG0xvLQmIadrner1bi45VMJTfnbVHsc7yIajZyoSoK60/dtVBs12Fm6WkUI5/3WAVsNMw==",
      "peer": true
    },
    "word": {
      "version": "0.3.0",
      "resolved": "https://registry.npmjs.org/word/-/word-0.3.0.tgz",
      "integrity": "sha512-OELeY0Q61OXpdUfTp+oweA/vtLVg5VDOXh+3he3PNzLGG/y0oylSOC1xRVj0+l4vQ3tj/bB1HVHv1ocXkQceFA==",
      "peer": true
    },
    "xlsx": {
      "version": "0.17.4",
      "resolved": "https://registry.npmjs.org/xlsx/-/xlsx-0.17.4.tgz",
      "integrity": "sha512-9aKt8g9ZLP0CUdBX8L5xnoMDFwSiLI997eQnDThCaqQMYB9AEBIRzblSSNN/ICMGLYIHUO3VKaItcedZJ3ijIg==",
      "peer": true,
      "requires": {
        "adler-32": "~1.2.0",
        "cfb": "^1.1.4",
        "codepage": "~1.15.0",
        "crc-32": "~1.2.0",
        "ssf": "~0.11.2",
        "wmf": "~1.0.1",
        "word": "~0.3.0"
      }
    },
    "zone.js": {
      "version": "0.11.4",
      "resolved": "https://registry.npmjs.org/zone.js/-/zone.js-0.11.4.tgz",
      "integrity": "sha512-DDh2Ab+A/B+9mJyajPjHFPWfYU1H+pdun4wnnk0OcQTNjem1XQSZ2CDW+rfZEUDjv5M19SBqAkjZi0x5wuB5Qw==",
      "peer": true,
      "requires": {
        "tslib": "^2.0.0"
      }
    }
  }
}
